PODS:
  - Flutter (1.0.0)
  - flutter_env_native (1.0.0):
    - Flutter

DEPENDENCIES:
  - Flutter (from `Flutter`)
  - flutter_env_native (from `.symlinks/plugins/flutter_env_native/ios`)

EXTERNAL SOURCES:
  Flutter:
    :path: Flutter
  flutter_env_native:
    :path: ".symlinks/plugins/flutter_env_native/ios"

SPEC CHECKSUMS:
  Flutter: 71a624a5bc0c04062bf19101d501e466baf2fb47
  flutter_env_native: 9bf30a31d936ac2f6f3aec86c9253557511b657d

PODFILE CHECKSUM: 8e3fc9333c2789552617d287b24615da7a66e171

COCOAPODS: 1.17.0
